
Microsoft Visual Studio Solution File, Format Version 12.00
Project("{FAE04EC0-301F-11D3-BF4B-00C04F79EFBC}") = "DepartureBoard", "DepartureBoard\DepartureBoard.csproj", "{20123FAF-F3E6-4571-9B2D-57861D080E11}"
EndProject
Project("{2150E333-8FDC-42A3-9474-1A3956D46DE8}") = "Solution Items", "Solution Items", "{8FD714DE-9B84-44D7-B56D-76C0C3DE0B7B}"
	ProjectSection(SolutionItems) = preProject
		compose.yaml = compose.yaml
	EndProjectSection
EndProject
Global
	GlobalSection(SolutionConfigurationPlatforms) = preSolution
		Debug|Any CPU = Debug|Any CPU
		Release|Any CPU = Release|Any CPU
	EndGlobalSection
	GlobalSection(ProjectConfigurationPlatforms) = postSolution
		{20123FAF-F3E6-4571-9B2D-57861D080E11}.Debug|Any CPU.ActiveCfg = Debug|Any CPU
		{20123FAF-F3E6-4571-9B2D-57861D080E11}.Debug|Any CPU.Build.0 = Debug|Any CPU
		{20123FAF-F3E6-4571-9B2D-57861D080E11}.Release|Any CPU.ActiveCfg = Release|Any CPU
		{20123FAF-F3E6-4571-9B2D-57861D080E11}.Release|Any CPU.Build.0 = Release|Any CPU
	EndGlobalSection
EndGlobal
